
Microsoft Visual Studio Solution File, Format Version 12.00
# Visual Studio 15
VisualStudioVersion = 15.0.28010.2036
MinimumVisualStudioVersion = 10.0.40219.1
Project("{FAE04EC0-301F-11D3-BF4B-00C04F79EFBC}") = "lab6", "lab6\lab6.csproj", "{285F14E3-EE43-4EE6-9DC6-D51E08A6FED2}"
EndProject
Global
	GlobalSection(SolutionConfigurationPlatforms) = preSolution
		Debug|Any CPU = Debug|Any CPU
		Release|Any CPU = Release|Any CPU
	EndGlobalSection
	GlobalSection(ProjectConfigurationPlatforms) = postSolution
		{285F14E3-EE43-4EE6-9DC6-D51E08A6FED2}.Debug|Any CPU.ActiveCfg = Debug|Any CPU
		{285F14E3-EE43-4EE6-9DC6-D51E08A6FED2}.Debug|Any CPU.Build.0 = Debug|Any CPU
		{285F14E3-EE43-4EE6-9DC6-D51E08A6FED2}.Release|Any CPU.ActiveCfg = Release|Any CPU
		{285F14E3-EE43-4EE6-9DC6-D51E08A6FED2}.Release|Any CPU.Build.0 = Release|Any CPU
	EndGlobalSection
	GlobalSection(SolutionProperties) = preSolution
		HideSolutionNode = FALSE
	EndGlobalSection
	GlobalSection(ExtensibilityGlobals) = postSolution
		SolutionGuid = {1B9272B9-F348-4072-9F9D-21446AD726D0}
	EndGlobalSection
EndGlobal
